PODS:
  - Alamofire (3.1.1)
  - Charts (2.1.6)
  - SwiftSpinner (0.8.0)
  - SwiftyJSON (2.3.1)

DEPENDENCIES:
  - Alamofire
  - Charts
  - SwiftSpinner
  - SwiftyJSON

SPEC CHECKSUMS:
  Alamofire: 9b0a7188b961a03914a99304488bd226b0e46c0e
  Charts: 5e1e5ac23898e5b09d226a2fc3e9d86bc281937e
  SwiftSpinner: 11c2c5ec7443d92f3026d3067ca8a91d4adef13f
  SwiftyJSON: 592b53bee5ef3dd9b3bebc6b9cb7ee35426ae8c3

COCOAPODS: 0.39.0
